
Microsoft Visual Studio Solution File, Format Version 12.00
# Visual Studio Version 17
VisualStudioVersion = 17.10.34928.147
MinimumVisualStudioVersion = 10.0.40219.1
Project("{FAE04EC0-301F-11D3-BF4B-00C04F79EFBC}") = "imageServer_csharp", "imageServer_csharp\imageServer_csharp.csproj", "{4C73A65A-DC58-4C41-9D7D-39E98AE427D6}"
EndProject
Global
	GlobalSection(SolutionConfigurationPlatforms) = preSolution
		Debug|Any CPU = Debug|Any CPU
		Release|Any CPU = Release|Any CPU
	EndGlobalSection
	GlobalSection(ProjectConfigurationPlatforms) = postSolution
		{4C73A65A-DC58-4C41-9D7D-39E98AE427D6}.Debug|Any CPU.ActiveCfg = Debug|Any CPU
		{4C73A65A-DC58-4C41-9D7D-39E98AE427D6}.Debug|Any CPU.Build.0 = Debug|Any CPU
		{4C73A65A-DC58-4C41-9D7D-39E98AE427D6}.Release|Any CPU.ActiveCfg = Release|Any CPU
		{4C73A65A-DC58-4C41-9D7D-39E98AE427D6}.Release|Any CPU.Build.0 = Release|Any CPU
	EndGlobalSection
	GlobalSection(SolutionProperties) = preSolution
		HideSolutionNode = FALSE
	EndGlobalSection
	GlobalSection(ExtensibilityGlobals) = postSolution
		SolutionGuid = {9D980F2F-D6DD-403F-8D82-EE1F8594DB29}
	EndGlobalSection
EndGlobal
